
Microsoft Visual Studio Solution File, Format Version 12.00
# Visual Studio Version 17
VisualStudioVersion = 17.0.31717.71
MinimumVisualStudioVersion = 10.0.40219.1
Project("{54A90642-561A-4BB1-A94E-469ADEE60C69}") = "Redoxide.Browser.APIs", "Redoxide.Browser.APIs\Redoxide.Browser.APIs.esproj", "{95F808C1-B0C1-47D3-AC6E-D3C92CC9497B}"
EndProject
Global
	GlobalSection(SolutionConfigurationPlatforms) = preSolution
		Debug|Any CPU = Debug|Any CPU
		Release|Any CPU = Release|Any CPU
	EndGlobalSection
	GlobalSection(ProjectConfigurationPlatforms) = postSolution
		{95F808C1-B0C1-47D3-AC6E-D3C92CC9497B}.Debug|Any CPU.ActiveCfg = Debug|Any CPU
		{95F808C1-B0C1-47D3-AC6E-D3C92CC9497B}.Debug|Any CPU.Build.0 = Debug|Any CPU
		{95F808C1-B0C1-47D3-AC6E-D3C92CC9497B}.Debug|Any CPU.Deploy.0 = Debug|Any CPU
		{95F808C1-B0C1-47D3-AC6E-D3C92CC9497B}.Release|Any CPU.ActiveCfg = Release|Any CPU
		{95F808C1-B0C1-47D3-AC6E-D3C92CC9497B}.Release|Any CPU.Build.0 = Release|Any CPU
		{95F808C1-B0C1-47D3-AC6E-D3C92CC9497B}.Release|Any CPU.Deploy.0 = Release|Any CPU
	EndGlobalSection
	GlobalSection(SolutionProperties) = preSolution
		HideSolutionNode = FALSE
	EndGlobalSection
	GlobalSection(ExtensibilityGlobals) = postSolution
		SolutionGuid = {071B3334-EC03-44C0-9226-12691D67B909}
	EndGlobalSection
EndGlobal
